
Microsoft Visual Studio Solution File, Format Version 12.00
# Visual Studio 15
VisualStudioVersion = 15.0.28307.271
MinimumVisualStudioVersion = 10.0.40219.1
Project("{00D1A9C2-B5F0-4AF3-8072-F6C62B433612}") = "DataVault_Common", "DataVault_Common\DataVault_Common.sqlproj", "{BDED46F6-710B-46B9-BC30-8E41683446EF}"
EndProject
Project("{00D1A9C2-B5F0-4AF3-8072-F6C62B433612}") = "Dwh_Common", "Dwh_Common\Dwh_Common.sqlproj", "{6403618B-8E6F-4730-9EEB-88087730305C}"
EndProject
Global
	GlobalSection(SolutionConfigurationPlatforms) = preSolution
		Debug|Any CPU = Debug|Any CPU
		Release|Any CPU = Release|Any CPU
	EndGlobalSection
	GlobalSection(ProjectConfigurationPlatforms) = postSolution
		{BDED46F6-710B-46B9-BC30-8E41683446EF}.Debug|Any CPU.ActiveCfg = Debug|Any CPU
		{BDED46F6-710B-46B9-BC30-8E41683446EF}.Debug|Any CPU.Build.0 = Debug|Any CPU
		{BDED46F6-710B-46B9-BC30-8E41683446EF}.Debug|Any CPU.Deploy.0 = Debug|Any CPU
		{BDED46F6-710B-46B9-BC30-8E41683446EF}.Release|Any CPU.ActiveCfg = Release|Any CPU
		{BDED46F6-710B-46B9-BC30-8E41683446EF}.Release|Any CPU.Build.0 = Release|Any CPU
		{BDED46F6-710B-46B9-BC30-8E41683446EF}.Release|Any CPU.Deploy.0 = Release|Any CPU
		{6403618B-8E6F-4730-9EEB-88087730305C}.Debug|Any CPU.ActiveCfg = Debug|Any CPU
		{6403618B-8E6F-4730-9EEB-88087730305C}.Debug|Any CPU.Build.0 = Debug|Any CPU
		{6403618B-8E6F-4730-9EEB-88087730305C}.Debug|Any CPU.Deploy.0 = Debug|Any CPU
		{6403618B-8E6F-4730-9EEB-88087730305C}.Release|Any CPU.ActiveCfg = Release|Any CPU
		{6403618B-8E6F-4730-9EEB-88087730305C}.Release|Any CPU.Build.0 = Release|Any CPU
		{6403618B-8E6F-4730-9EEB-88087730305C}.Release|Any CPU.Deploy.0 = Release|Any CPU
	EndGlobalSection
	GlobalSection(SolutionProperties) = preSolution
		HideSolutionNode = FALSE
	EndGlobalSection
	GlobalSection(ExtensibilityGlobals) = postSolution
		SolutionGuid = {630EA80F-1B14-480C-905A-F84D4FF13C85}
	EndGlobalSection
EndGlobal
