
Microsoft Visual Studio Solution File, Format Version 12.00
# Visual Studio 14
VisualStudioVersion = 14.0.25420.1
MinimumVisualStudioVersion = 10.0.40219.1
Project("{2150E333-8FDC-42A3-9474-1A3956D46DE8}") = "DB", "DB", "{BE6BF4F9-B7C7-4DC4-A91E-C25245332E94}"
EndProject
Project("{2150E333-8FDC-42A3-9474-1A3956D46DE8}") = "ETL", "ETL", "{E46C32DF-68F6-4B0D-B923-8623183B3C1E}"
EndProject
Project("{159641D6-6404-4A2A-AE62-294DE0FE8301}") = "DWH_DataVault", "ssis\DWH_DataVault\DWH_DataVault.dtproj", "{EC79098C-74D1-4E78-AE78-D56CD5A080D3}"
EndProject
Project("{159641D6-6404-4A2A-AE62-294DE0FE8301}") = "DWH_Staging_System_name", "ssis\DWH_Staging_System_name\DWH_Staging_System_name.dtproj", "{FA980DA9-29BF-421C-881C-A35D700459FB}"
EndProject
Project("{00D1A9C2-B5F0-4AF3-8072-F6C62B433612}") = "DWH_DataVault", "sql\DWH_DataVault\DWH_DataVault.sqlproj", "{908BC9FC-B63A-4A26-8498-49C18607CE3E}"
EndProject
Project("{00D1A9C2-B5F0-4AF3-8072-F6C62B433612}") = "Source_system", "sql\Source_system\Source_system.sqlproj", "{7600B7FB-6B32-4818-9679-72382DDED144}"
EndProject
Project("{00D1A9C2-B5F0-4AF3-8072-F6C62B433612}") = "DWH_Staging_System_name", "sql\DWH_Staging_System_name\DWH_Staging_System_name.sqlproj", "{2C0429A2-933C-4FB7-816F-7F5533956EDB}"
EndProject
Global
	GlobalSection(SolutionConfigurationPlatforms) = preSolution
		Debug|Any CPU = Debug|Any CPU
		Development|Any CPU = Development|Any CPU
		Release|Any CPU = Release|Any CPU
	EndGlobalSection
	GlobalSection(ProjectConfigurationPlatforms) = postSolution
		{EC79098C-74D1-4E78-AE78-D56CD5A080D3}.Debug|Any CPU.ActiveCfg = Development
		{EC79098C-74D1-4E78-AE78-D56CD5A080D3}.Debug|Any CPU.Build.0 = Development
		{EC79098C-74D1-4E78-AE78-D56CD5A080D3}.Development|Any CPU.ActiveCfg = Development
		{EC79098C-74D1-4E78-AE78-D56CD5A080D3}.Development|Any CPU.Build.0 = Development
		{EC79098C-74D1-4E78-AE78-D56CD5A080D3}.Release|Any CPU.ActiveCfg = Development
		{EC79098C-74D1-4E78-AE78-D56CD5A080D3}.Release|Any CPU.Build.0 = Development
		{FA980DA9-29BF-421C-881C-A35D700459FB}.Debug|Any CPU.ActiveCfg = Development
		{FA980DA9-29BF-421C-881C-A35D700459FB}.Debug|Any CPU.Build.0 = Development
		{FA980DA9-29BF-421C-881C-A35D700459FB}.Development|Any CPU.ActiveCfg = Development
		{FA980DA9-29BF-421C-881C-A35D700459FB}.Development|Any CPU.Build.0 = Development
		{FA980DA9-29BF-421C-881C-A35D700459FB}.Release|Any CPU.ActiveCfg = Development
		{FA980DA9-29BF-421C-881C-A35D700459FB}.Release|Any CPU.Build.0 = Development
		{908BC9FC-B63A-4A26-8498-49C18607CE3E}.Debug|Any CPU.ActiveCfg = Debug|Any CPU
		{908BC9FC-B63A-4A26-8498-49C18607CE3E}.Debug|Any CPU.Build.0 = Debug|Any CPU
		{908BC9FC-B63A-4A26-8498-49C18607CE3E}.Debug|Any CPU.Deploy.0 = Debug|Any CPU
		{908BC9FC-B63A-4A26-8498-49C18607CE3E}.Development|Any CPU.ActiveCfg = Debug|Any CPU
		{908BC9FC-B63A-4A26-8498-49C18607CE3E}.Development|Any CPU.Build.0 = Debug|Any CPU
		{908BC9FC-B63A-4A26-8498-49C18607CE3E}.Development|Any CPU.Deploy.0 = Debug|Any CPU
		{908BC9FC-B63A-4A26-8498-49C18607CE3E}.Release|Any CPU.ActiveCfg = Release|Any CPU
		{908BC9FC-B63A-4A26-8498-49C18607CE3E}.Release|Any CPU.Build.0 = Release|Any CPU
		{908BC9FC-B63A-4A26-8498-49C18607CE3E}.Release|Any CPU.Deploy.0 = Release|Any CPU
		{7600B7FB-6B32-4818-9679-72382DDED144}.Debug|Any CPU.ActiveCfg = Debug|Any CPU
		{7600B7FB-6B32-4818-9679-72382DDED144}.Debug|Any CPU.Build.0 = Debug|Any CPU
		{7600B7FB-6B32-4818-9679-72382DDED144}.Debug|Any CPU.Deploy.0 = Debug|Any CPU
		{7600B7FB-6B32-4818-9679-72382DDED144}.Development|Any CPU.ActiveCfg = Debug|Any CPU
		{7600B7FB-6B32-4818-9679-72382DDED144}.Development|Any CPU.Build.0 = Debug|Any CPU
		{7600B7FB-6B32-4818-9679-72382DDED144}.Development|Any CPU.Deploy.0 = Debug|Any CPU
		{7600B7FB-6B32-4818-9679-72382DDED144}.Release|Any CPU.ActiveCfg = Release|Any CPU
		{7600B7FB-6B32-4818-9679-72382DDED144}.Release|Any CPU.Build.0 = Release|Any CPU
		{7600B7FB-6B32-4818-9679-72382DDED144}.Release|Any CPU.Deploy.0 = Release|Any CPU
		{2C0429A2-933C-4FB7-816F-7F5533956EDB}.Debug|Any CPU.ActiveCfg = Debug|Any CPU
		{2C0429A2-933C-4FB7-816F-7F5533956EDB}.Debug|Any CPU.Build.0 = Debug|Any CPU
		{2C0429A2-933C-4FB7-816F-7F5533956EDB}.Debug|Any CPU.Deploy.0 = Debug|Any CPU
		{2C0429A2-933C-4FB7-816F-7F5533956EDB}.Development|Any CPU.ActiveCfg = Debug|Any CPU
		{2C0429A2-933C-4FB7-816F-7F5533956EDB}.Development|Any CPU.Build.0 = Debug|Any CPU
		{2C0429A2-933C-4FB7-816F-7F5533956EDB}.Development|Any CPU.Deploy.0 = Debug|Any CPU
		{2C0429A2-933C-4FB7-816F-7F5533956EDB}.Release|Any CPU.ActiveCfg = Release|Any CPU
		{2C0429A2-933C-4FB7-816F-7F5533956EDB}.Release|Any CPU.Build.0 = Release|Any CPU
		{2C0429A2-933C-4FB7-816F-7F5533956EDB}.Release|Any CPU.Deploy.0 = Release|Any CPU
	EndGlobalSection
	GlobalSection(SolutionProperties) = preSolution
		HideSolutionNode = FALSE
	EndGlobalSection
	GlobalSection(NestedProjects) = preSolution
		{EC79098C-74D1-4E78-AE78-D56CD5A080D3} = {E46C32DF-68F6-4B0D-B923-8623183B3C1E}
		{FA980DA9-29BF-421C-881C-A35D700459FB} = {E46C32DF-68F6-4B0D-B923-8623183B3C1E}
		{908BC9FC-B63A-4A26-8498-49C18607CE3E} = {BE6BF4F9-B7C7-4DC4-A91E-C25245332E94}
		{7600B7FB-6B32-4818-9679-72382DDED144} = {BE6BF4F9-B7C7-4DC4-A91E-C25245332E94}
		{2C0429A2-933C-4FB7-816F-7F5533956EDB} = {BE6BF4F9-B7C7-4DC4-A91E-C25245332E94}
	EndGlobalSection
EndGlobal
