
Microsoft Visual Studio Solution File, Format Version 12.00
# Visual Studio 15
VisualStudioVersion = 15.0.28307.271
MinimumVisualStudioVersion = 10.0.40219.1
Project("{00D1A9C2-B5F0-4AF3-8072-F6C62B433612}") = "system_name", "system_name\system_name.sqlproj", "{F25D93D3-AFE7-461F-B978-AD89168B1910}"
EndProject
Project("{00D1A9C2-B5F0-4AF3-8072-F6C62B433612}") = "Staging_system_name", "Staging_system_name\Staging_system_name.sqlproj", "{D51BFE99-40BF-4AAB-8EF8-FD4B7C4B15EE}"
EndProject
Project("{00D1A9C2-B5F0-4AF3-8072-F6C62B433612}") = "SourceVault_system_name", "SourceVault_system_name\SourceVault_system_name.sqlproj", "{01F8CA91-EE6F-40C9-9678-9C4F1367E6A3}"
EndProject
Global
	GlobalSection(SolutionConfigurationPlatforms) = preSolution
		Debug|Any CPU = Debug|Any CPU
		Release|Any CPU = Release|Any CPU
	EndGlobalSection
	GlobalSection(ProjectConfigurationPlatforms) = postSolution
		{F25D93D3-AFE7-461F-B978-AD89168B1910}.Debug|Any CPU.ActiveCfg = Debug|Any CPU
		{F25D93D3-AFE7-461F-B978-AD89168B1910}.Debug|Any CPU.Build.0 = Debug|Any CPU
		{F25D93D3-AFE7-461F-B978-AD89168B1910}.Debug|Any CPU.Deploy.0 = Debug|Any CPU
		{F25D93D3-AFE7-461F-B978-AD89168B1910}.Release|Any CPU.ActiveCfg = Release|Any CPU
		{F25D93D3-AFE7-461F-B978-AD89168B1910}.Release|Any CPU.Build.0 = Release|Any CPU
		{F25D93D3-AFE7-461F-B978-AD89168B1910}.Release|Any CPU.Deploy.0 = Release|Any CPU
		{D51BFE99-40BF-4AAB-8EF8-FD4B7C4B15EE}.Debug|Any CPU.ActiveCfg = Debug|Any CPU
		{D51BFE99-40BF-4AAB-8EF8-FD4B7C4B15EE}.Debug|Any CPU.Build.0 = Debug|Any CPU
		{D51BFE99-40BF-4AAB-8EF8-FD4B7C4B15EE}.Debug|Any CPU.Deploy.0 = Debug|Any CPU
		{D51BFE99-40BF-4AAB-8EF8-FD4B7C4B15EE}.Release|Any CPU.ActiveCfg = Release|Any CPU
		{D51BFE99-40BF-4AAB-8EF8-FD4B7C4B15EE}.Release|Any CPU.Build.0 = Release|Any CPU
		{D51BFE99-40BF-4AAB-8EF8-FD4B7C4B15EE}.Release|Any CPU.Deploy.0 = Release|Any CPU
		{01F8CA91-EE6F-40C9-9678-9C4F1367E6A3}.Debug|Any CPU.ActiveCfg = Debug|Any CPU
		{01F8CA91-EE6F-40C9-9678-9C4F1367E6A3}.Debug|Any CPU.Build.0 = Debug|Any CPU
		{01F8CA91-EE6F-40C9-9678-9C4F1367E6A3}.Debug|Any CPU.Deploy.0 = Debug|Any CPU
		{01F8CA91-EE6F-40C9-9678-9C4F1367E6A3}.Release|Any CPU.ActiveCfg = Release|Any CPU
		{01F8CA91-EE6F-40C9-9678-9C4F1367E6A3}.Release|Any CPU.Build.0 = Release|Any CPU
		{01F8CA91-EE6F-40C9-9678-9C4F1367E6A3}.Release|Any CPU.Deploy.0 = Release|Any CPU
	EndGlobalSection
	GlobalSection(SolutionProperties) = preSolution
		HideSolutionNode = FALSE
	EndGlobalSection
	GlobalSection(ExtensibilityGlobals) = postSolution
		SolutionGuid = {D41BD821-41B4-4CAB-83A8-B04CE0148E40}
	EndGlobalSection
EndGlobal
